{
  "version": 4,
  "terraform_version": "1.14.3",
  "serial": 13,
  "lineage": "b599e508-144c-8d28-6d45-6ce49b43d913",
  "outputs": {
    "relayer_ip": {
      "value": "144.202.92.70",
      "type": "string"
    }
  },
  "resources": [
    {
      "mode": "managed",
      "type": "vultr_instance",
      "name": "relayer",
      "provider": "provider[\"registry.terraform.io/vultr/vultr\"]",
      "instances": [
        {
          "schema_version": 0,
          "attributes": {
            "activation_email": null,
            "allowed_bandwidth": 3,
            "app_id": 0,
            "app_variables": null,
            "backups": "disabled",
            "backups_schedule": [],
            "date_created": "2026-01-18T14:21:36+00:00",
            "ddos_protection": false,
            "default_password": "p@2Vqd9gL_CnSNxf",
            "disable_public_ipv4": null,
            "disk": 55,
            "enable_ipv6": null,
            "features": [],
            "firewall_group_id": "",
            "gateway_v4": "144.202.92.1",
            "hostname": "vultr.guest",
            "id": "0cff5588-10d3-47aa-b7cf-59fc7bcfd1ab",
            "image_id": "",
            "internal_ip": "",
            "ipxe_chain_url": null,
            "iso_id": null,
            "kvm": "https://my.vultr.com/subs/vps/novnc/api.php?data=djJ8RDlkREF4dmZMazFrX0p0RlFFNTg5OFFPSGowTzVxLVB8Ya9EnZrhaVWfIx0_1IkACCZuiWpy3KRlX7mCkg8enj9WsXD-Nq8iiT7i9XStvd4IHwqv4kgpk6_OB6q7HHCq3vYZvbwMW5YF1GQ-p4YUfa8pVYFaHuVgANi3Bsd3HXg4DE2t08mkYMfuEm69dDsPUjpRpadmTLkCs3ABX6F1qwqLZQLkFjE0Hkcn-ltUlIA",
            "label": "veilpay-relayer",
            "main_ip": "144.202.92.70",
            "netmask_v4": "255.255.254.0",
            "os": "Ubuntu 24.04 LTS x64",
            "os_id": 2284,
            "plan": "vc2-1c-2gb",
            "power_status": "running",
            "ram": 2048,
            "region": "sea",
            "reserved_ip_id": null,
            "script_id": null,
            "server_status": "ok",
            "snapshot_id": "",
            "ssh_key_ids": [
              "651d234b-8803-4f0e-a632-845d0db6c54a"
            ],
            "status": "active",
            "tags": [],
            "timeouts": null,
            "user_data": "#cloud-config\npackage_update: true\npackage_upgrade: true\npackages:\n  - nginx\n  - curl\n\nruncmd:\n  - curl -fsSL https://deb.nodesource.com/setup_18.x | bash -\n  - apt-get install -y nodejs\n  - npm install -g pnpm\n  - useradd -m -s /bin/bash relayer || true\n  - mkdir -p /opt/veilpay-relayer\n  - chown -R relayer:relayer /opt/veilpay-relayer\n  - |\n    cat \u003e/etc/systemd/system/veilpay-relayer.service \u003c\u003c'EOF'\n    [Unit]\n    Description=Veilpay Relayer\n    After=network.target\n\n    [Service]\n    Type=simple\n    User=relayer\n    WorkingDirectory=/opt/veilpay-relayer\n    Environment=PORT=8080\n    Environment=RELAYER_RPC_URL=https://betty-1cgsj3-fast-devnet.helius-rpc.com\n    Environment=RELAYER_ALLOWED_ORIGINS=*\n    ExecStart=/usr/bin/node /opt/veilpay-relayer/dist/index.js\n    Restart=always\n    RestartSec=5\n\n    [Install]\n    WantedBy=multi-user.target\n    EOF\n  - systemctl daemon-reload\n  - systemctl enable veilpay-relayer\n  - |\n    cat \u003e/etc/nginx/sites-available/veilpay-relayer \u003c\u003c'EOF'\n    server {\n      listen 80 default_server;\n      listen [::]:80 default_server;\n\n      location / {\n        proxy_pass http://127.0.0.1:8080;\n        proxy_http_version 1.1;\n        proxy_set_header Host $host;\n        proxy_set_header X-Forwarded-For $proxy_add_x_forwarded_for;\n        proxy_set_header X-Forwarded-Proto $scheme;\n      }\n    }\n    EOF\n  - rm -f /etc/nginx/sites-enabled/default\n  - ln -sf /etc/nginx/sites-available/veilpay-relayer /etc/nginx/sites-enabled/veilpay-relayer\n  - nginx -t\n  - systemctl restart nginx\n",
            "user_scheme": "root",
            "v6_main_ip": "",
            "v6_network": "",
            "v6_network_size": 0,
            "vcpu_count": 1,
            "vpc2_ids": null,
            "vpc_ids": []
          },
          "sensitive_attributes": [
            [
              {
                "type": "get_attr",
                "value": "default_password"
              }
            ]
          ],
          "identity_schema_version": 0,
          "private": "eyJlMmJmYjczMC1lY2FhLTExZTYtOGY4OC0zNDM2M2JjN2M0YzAiOnsiY3JlYXRlIjozNjAwMDAwMDAwMDAwLCJ1cGRhdGUiOjM2MDAwMDAwMDAwMDB9fQ=="
        }
      ]
    }
  ],
  "check_results": null
}
